
Microsoft Visual Studio Solution File, Format Version 12.00
# Visual Studio Version 16
VisualStudioVersion = 16.0.30907.101
MinimumVisualStudioVersion = 10.0.40219.1
Project("{FAE04EC0-301F-11D3-BF4B-00C04F79EFBC}") = "ElasticUse", "ElasticUse\ElasticUse.csproj", "{839F505F-8A62-4C7A-965E-2A9B27BB7C88}"
EndProject
Global
	GlobalSection(SolutionConfigurationPlatforms) = preSolution
		Debug|Any CPU = Debug|Any CPU
		Release|Any CPU = Release|Any CPU
	EndGlobalSection
	GlobalSection(ProjectConfigurationPlatforms) = postSolution
		{839F505F-8A62-4C7A-965E-2A9B27BB7C88}.Debug|Any CPU.ActiveCfg = Debug|Any CPU
		{839F505F-8A62-4C7A-965E-2A9B27BB7C88}.Debug|Any CPU.Build.0 = Debug|Any CPU
		{839F505F-8A62-4C7A-965E-2A9B27BB7C88}.Release|Any CPU.ActiveCfg = Release|Any CPU
		{839F505F-8A62-4C7A-965E-2A9B27BB7C88}.Release|Any CPU.Build.0 = Release|Any CPU
	EndGlobalSection
	GlobalSection(SolutionProperties) = preSolution
		HideSolutionNode = FALSE
	EndGlobalSection
	GlobalSection(ExtensibilityGlobals) = postSolution
		SolutionGuid = {CF543ABB-7BA3-4C36-8DEC-3FA84125E3F4}
	EndGlobalSection
EndGlobal
